PODS:
  - Alamofire (4.9.1)
  - EVReflection/Alamofire (5.10.1):
    - Alamofire
    - EVReflection/Core
  - EVReflection/AlamofireXML (5.10.1):
    - EVReflection/Alamofire
    - EVReflection/XML
  - EVReflection/CloudKit (5.10.1):
    - EVReflection/Core
  - EVReflection/Core (5.10.1)
  - EVReflection/CoreData (5.10.1):
    - EVReflection/Core
  - EVReflection/Moya (5.10.1):
    - EVReflection/Alamofire
    - Moya
  - EVReflection/MoyaReactiveSwift (5.10.1):
    - EVReflection/Moya
    - Moya/ReactiveSwift
  - EVReflection/MoyaReactiveSwiftXML (5.10.1):
    - EVReflection/MoyaReactiveSwift
    - EVReflection/MoyaXML
  - EVReflection/MoyaRxSwift (5.10.1):
    - EVReflection/Moya
    - Moya/RxSwift
  - EVReflection/MoyaRxSwiftXML (5.10.1):
    - EVReflection/MoyaRxSwift
    - EVReflection/MoyaXML
  - EVReflection/MoyaXML (5.10.1):
    - EVReflection/AlamofireXML
    - EVReflection/Moya
  - EVReflection/Realm (5.10.1):
    - EVReflection/Core
    - RealmSwift
  - EVReflection/XML (5.10.1):
    - EVReflection/Core
    - XMLDictionary
  - Moya (13.0.1):
    - Moya/Core (= 13.0.1)
  - Moya/Core (13.0.1):
    - Alamofire (~> 4.1)
    - Result (~> 4.1)
  - Moya/ReactiveSwift (13.0.1):
    - Moya/Core
    - ReactiveSwift (~> 5.0)
  - Moya/RxSwift (13.0.1):
    - Moya/Core
    - RxSwift (~> 4.0)
  - ReactiveSwift (5.0.1):
    - Result (~> 4.1)
  - Realm (4.4.1):
    - Realm/Headers (= 4.4.1)
  - Realm/Headers (4.4.1)
  - RealmSwift (4.4.1):
    - Realm (= 4.4.1)
  - Result (4.1.0)
  - RxSwift (4.5.0)
  - XMLDictionary (1.4.1)

DEPENDENCIES:
  - EVReflection/CloudKit (from `./`)
  - EVReflection/Core (from `./`)
  - EVReflection/CoreData (from `./`)
  - EVReflection/MoyaReactiveSwiftXML (from `./`)
  - EVReflection/MoyaRxSwiftXML (from `./`)
  - EVReflection/Realm (from `./`)

SPEC REPOS:
  https://github.com/CocoaPods/Specs.git:
    - Alamofire
    - Moya
    - ReactiveSwift
    - Realm
    - RealmSwift
    - Result
    - RxSwift
    - XMLDictionary

EXTERNAL SOURCES:
  EVReflection:
    :path: "./"

SPEC CHECKSUMS:
  Alamofire: 85e8a02c69d6020a0d734f6054870d7ecb75cf18
  EVReflection: f8a2287101b5e35f7ea8ade89d359a2a9bcebc15
  Moya: f4a4b80ff2f8a4ffc208dfb31cd91636622fee6e
  ReactiveSwift: cac20a5bbe560c5806bd29c0fccf90d03b996ac1
  Realm: 4eb04d7487bd43c0581256f40b424eafb711deff
  RealmSwift: 3eb8924ff7100df5928c7602f71d0fec51e7c9c5
  Result: bd966fac789cc6c1563440b348ab2598cc24d5c7
  RxSwift: f172070dfd1a93d70a9ab97a5a01166206e1c575
  XMLDictionary: fa07b6ff422b3a91d47a5de9bc82e3fc04fbd167

PODFILE CHECKSUM: 2b9d53cfbbfdef41851078f204c2bd5107aad586

COCOAPODS: 1.9.1
